# THIS IS AN AUTOGENERATED FILE. DO NOT EDIT THIS FILE DIRECTLY.
# yarn lockfile v1


learnjavascript-online-npm@^1.2.0:
  version "1.2.0"
  resolved "https://registry.yarnpkg.com/learnjavascript-online-npm/-/learnjavascript-online-npm-1.2.0.tgz#4b7546f7995de27cd006627f708a0cdd9961bb07"
  integrity sha512-WpAOGnzUyDeeJpigzPmd1Z5y4EtaTGSoiMkv3q3AyWQ6tc2dBjz/v+efeTCeWNhIWr54rGYnza7kn/XDPnksDQ==
